
Microsoft Visual Studio Solution File, Format Version 12.00
# Visual Studio Version 17
VisualStudioVersion = 17.6.33829.357
MinimumVisualStudioVersion = 10.0.40219.1
Project("{FAE04EC0-301F-11D3-BF4B-00C04F79EFBC}") = "WorkTimeRecorder", "WorkTimeRecorder.csproj", "{5A79E2F6-FFA7-45DA-99B1-4C89C1D69EC0}"
EndProject
Global
	GlobalSection(SolutionConfigurationPlatforms) = preSolution
		Debug|Any CPU = Debug|Any CPU
		Release|Any CPU = Release|Any CPU
	EndGlobalSection
	GlobalSection(ProjectConfigurationPlatforms) = postSolution
		{5A79E2F6-FFA7-45DA-99B1-4C89C1D69EC0}.Debug|Any CPU.ActiveCfg = Debug|Any CPU
		{5A79E2F6-FFA7-45DA-99B1-4C89C1D69EC0}.Debug|Any CPU.Build.0 = Debug|Any CPU
		{5A79E2F6-FFA7-45DA-99B1-4C89C1D69EC0}.Release|Any CPU.ActiveCfg = Release|Any CPU
		{5A79E2F6-FFA7-45DA-99B1-4C89C1D69EC0}.Release|Any CPU.Build.0 = Release|Any CPU
	EndGlobalSection
	GlobalSection(SolutionProperties) = preSolution
		HideSolutionNode = FALSE
	EndGlobalSection
	GlobalSection(ExtensibilityGlobals) = postSolution
		SolutionGuid = {7B689C1C-F014-4171-9C24-B5F9D395907B}
	EndGlobalSection
EndGlobal
